# THIS IS AN AUTOGENERATED FILE. DO NOT EDIT THIS FILE DIRECTLY.
# yarn lockfile v1


aframe-speech-command-component@^0.4.2:
  version "0.4.2"
  resolved "https://registry.yarnpkg.com/aframe-speech-command-component/-/aframe-speech-command-component-0.4.2.tgz#3ef847939ad4651e87bef82fde108474d53426be"
  integrity sha1-PvhHk5rUZR6Hvvgv3hCEdNU0Jr4=
